
Microsoft Visual Studio Solution File, Format Version 12.00
# Visual Studio Version 16
VisualStudioVersion = 16.0.30503.244
MinimumVisualStudioVersion = 10.0.40219.1
Project("{FAE04EC0-301F-11D3-BF4B-00C04F79EFBC}") = "RestWithASPNET", "RestWithASPNET\RestWithASPNET.csproj", "{9AEFB01E-D9E7-443F-BA99-81A54AF1305C}"
EndProject
Global
	GlobalSection(SolutionConfigurationPlatforms) = preSolution
		Debug|Any CPU = Debug|Any CPU
		Release|Any CPU = Release|Any CPU
	EndGlobalSection
	GlobalSection(ProjectConfigurationPlatforms) = postSolution
		{9AEFB01E-D9E7-443F-BA99-81A54AF1305C}.Debug|Any CPU.ActiveCfg = Debug|Any CPU
		{9AEFB01E-D9E7-443F-BA99-81A54AF1305C}.Debug|Any CPU.Build.0 = Debug|Any CPU
		{9AEFB01E-D9E7-443F-BA99-81A54AF1305C}.Release|Any CPU.ActiveCfg = Release|Any CPU
		{9AEFB01E-D9E7-443F-BA99-81A54AF1305C}.Release|Any CPU.Build.0 = Release|Any CPU
	EndGlobalSection
	GlobalSection(SolutionProperties) = preSolution
		HideSolutionNode = FALSE
	EndGlobalSection
	GlobalSection(ExtensibilityGlobals) = postSolution
		SolutionGuid = {73B9058F-8F1F-492A-9FC6-027F74B579C6}
	EndGlobalSection
EndGlobal
